{
  "requires": true,
  "lockfileVersion": 1,
  "dependencies": {
    "mobx": {
      "version": "5.10.1",
      "resolved": "https://repo.corp.anvione.com/repository/npm-group/mobx/-/mobx-5.10.1.tgz",
      "integrity": "sha512-L+akEGxdkKYssejgW9ayRPx5cZYJfxvTmdBUeR3S9oeumScV7Jj57yPeh9WMEk6NWeG8Wx3H0cWhqs0pftbtmg=="
    },
    "mobx-react-lite": {
      "version": "3.0.0",
      "resolved": "https://repo.corp.anvione.com/repository/npm-group/mobx-react-lite/-/mobx-react-lite-3.0.0.tgz",
      "integrity": "sha512-SJgrTD9mfClFOsamB+0y6zjteSMr4gkp9usnpIeEi8E+lW3lMgDa3hnD4PJgLGoENpJ8/9OmO3vrkA50SNy0mw=="
    }
  }
}
